{
  "pins" : [
    {
      "identity" : "swift-async-algorithms",
      "kind" : "remoteSourceControl",
      "location" : "https://github.com/apple/swift-async-algorithms",
      "state" : {
        "revision" : "cb417003f962f9de3fc7852c1b735a1f1152a89a",
        "version" : "1.0.0-beta.1"
      }
    },
    {
      "identity" : "swift-collections",
      "kind" : "remoteSourceControl",
      "location" : "https://github.com/apple/swift-collections",
      "state" : {
        "branch" : "origin/release/1.1",
        "revision" : "5fab05b1ea1d65f3057dd8caa3d819eb18984022"
      }
    }
  ],
  "version" : 2
}
